
Microsoft Visual Studio Solution File, Format Version 12.00
# Visual Studio 15
Project("{FAE04EC0-301F-11D3-BF4B-00C04F79EFBC}") = "Unity.XR.Interaction.Toolkit.Samples.StarterAssets", "Unity.XR.Interaction.Toolkit.Samples.StarterAssets.csproj", "{2962AF07-8252-8AF0-F62F-A85FE9687BA8}"
EndProject
Project("{FAE04EC0-301F-11D3-BF4B-00C04F79EFBC}") = "Unity.Splines.Examples", "Unity.Splines.Examples.csproj", "{B120E7D9-E86E-B647-1F56-CC000BCA45F4}"
EndProject
Project("{FAE04EC0-301F-11D3-BF4B-00C04F79EFBC}") = "Assembly-CSharp", "Assembly-CSharp.csproj", "{C5E96888-5648-522F-E88C-1952BB6852D1}"
EndProject
Project("{FAE04EC0-301F-11D3-BF4B-00C04F79EFBC}") = "Unity.Splines.Examples.Editor", "Unity.Splines.Examples.Editor.csproj", "{D31B7813-CDEE-B2B9-3F9B-5D4962A3D85A}"
EndProject
Project("{FAE04EC0-301F-11D3-BF4B-00C04F79EFBC}") = "Assembly-CSharp-Editor", "Assembly-CSharp-Editor.csproj", "{B6D610A2-C2B7-B3E2-3CD3-A49686EB46C9}"
EndProject
Project("{FAE04EC0-301F-11D3-BF4B-00C04F79EFBC}") = "Unity.XR.Interaction.Toolkit.Samples.StarterAssets.Editor", "Unity.XR.Interaction.Toolkit.Samples.StarterAssets.Editor.csproj", "{AF915C5F-0A0B-368A-D7A1-1D96CE260B72}"
EndProject
Global
	GlobalSection(SolutionConfigurationPlatforms) = preSolution
		Debug|Any CPU = Debug|Any CPU
		Release|Any CPU = Release|Any CPU
	EndGlobalSection
	GlobalSection(ProjectConfigurationPlatforms) = postSolution
		{2962AF07-8252-8AF0-F62F-A85FE9687BA8}.Debug|Any CPU.ActiveCfg = Debug|Any CPU
		{2962AF07-8252-8AF0-F62F-A85FE9687BA8}.Debug|Any CPU.Build.0 = Debug|Any CPU
		{2962AF07-8252-8AF0-F62F-A85FE9687BA8}.Release|Any CPU.ActiveCfg = Release|Any CPU
		{2962AF07-8252-8AF0-F62F-A85FE9687BA8}.Release|Any CPU.Build.0 = Release|Any CPU
		{B120E7D9-E86E-B647-1F56-CC000BCA45F4}.Debug|Any CPU.ActiveCfg = Debug|Any CPU
		{B120E7D9-E86E-B647-1F56-CC000BCA45F4}.Debug|Any CPU.Build.0 = Debug|Any CPU
		{B120E7D9-E86E-B647-1F56-CC000BCA45F4}.Release|Any CPU.ActiveCfg = Release|Any CPU
		{B120E7D9-E86E-B647-1F56-CC000BCA45F4}.Release|Any CPU.Build.0 = Release|Any CPU
		{C5E96888-5648-522F-E88C-1952BB6852D1}.Debug|Any CPU.ActiveCfg = Debug|Any CPU
		{C5E96888-5648-522F-E88C-1952BB6852D1}.Debug|Any CPU.Build.0 = Debug|Any CPU
		{C5E96888-5648-522F-E88C-1952BB6852D1}.Release|Any CPU.ActiveCfg = Release|Any CPU
		{C5E96888-5648-522F-E88C-1952BB6852D1}.Release|Any CPU.Build.0 = Release|Any CPU
		{D31B7813-CDEE-B2B9-3F9B-5D4962A3D85A}.Debug|Any CPU.ActiveCfg = Debug|Any CPU
		{D31B7813-CDEE-B2B9-3F9B-5D4962A3D85A}.Debug|Any CPU.Build.0 = Debug|Any CPU
		{D31B7813-CDEE-B2B9-3F9B-5D4962A3D85A}.Release|Any CPU.ActiveCfg = Release|Any CPU
		{D31B7813-CDEE-B2B9-3F9B-5D4962A3D85A}.Release|Any CPU.Build.0 = Release|Any CPU
		{B6D610A2-C2B7-B3E2-3CD3-A49686EB46C9}.Debug|Any CPU.ActiveCfg = Debug|Any CPU
		{B6D610A2-C2B7-B3E2-3CD3-A49686EB46C9}.Debug|Any CPU.Build.0 = Debug|Any CPU
		{B6D610A2-C2B7-B3E2-3CD3-A49686EB46C9}.Release|Any CPU.ActiveCfg = Release|Any CPU
		{B6D610A2-C2B7-B3E2-3CD3-A49686EB46C9}.Release|Any CPU.Build.0 = Release|Any CPU
		{AF915C5F-0A0B-368A-D7A1-1D96CE260B72}.Debug|Any CPU.ActiveCfg = Debug|Any CPU
		{AF915C5F-0A0B-368A-D7A1-1D96CE260B72}.Debug|Any CPU.Build.0 = Debug|Any CPU
		{AF915C5F-0A0B-368A-D7A1-1D96CE260B72}.Release|Any CPU.ActiveCfg = Release|Any CPU
		{AF915C5F-0A0B-368A-D7A1-1D96CE260B72}.Release|Any CPU.Build.0 = Release|Any CPU
	EndGlobalSection
	GlobalSection(SolutionProperties) = preSolution
		HideSolutionNode = FALSE
	EndGlobalSection
EndGlobal
