
Microsoft Visual Studio Solution File, Format Version 11.00
# Visual Studio 2010
Project("{FAE04EC0-301F-11D3-BF4B-00C04F79EFBC}") = "Unity.XR.Interaction.Toolkit.Samples.StarterAssets", "Unity.XR.Interaction.Toolkit.Samples.StarterAssets.csproj", "{07af6229-5282-f08a-f62f-a85fe9687ba8}"
EndProject
Project("{FAE04EC0-301F-11D3-BF4B-00C04F79EFBC}") = "Unity.Splines.Examples", "Unity.Splines.Examples.csproj", "{d9e720b1-6ee8-47b6-1f56-cc000bca45f4}"
EndProject
Project("{FAE04EC0-301F-11D3-BF4B-00C04F79EFBC}") = "Assembly-CSharp", "Assembly-CSharp.csproj", "{8868e9c5-4856-2f52-e88c-1952bb6852d1}"
EndProject
Project("{FAE04EC0-301F-11D3-BF4B-00C04F79EFBC}") = "Unity.Splines.Examples.Editor", "Unity.Splines.Examples.Editor.csproj", "{13781bd3-eecd-b9b2-3f9b-5d4962a3d85a}"
EndProject
Project("{FAE04EC0-301F-11D3-BF4B-00C04F79EFBC}") = "Assembly-CSharp-Editor", "Assembly-CSharp-Editor.csproj", "{a210d6b6-b7c2-e2b3-3cd3-a49686eb46c9}"
EndProject
Project("{FAE04EC0-301F-11D3-BF4B-00C04F79EFBC}") = "Unity.XR.Interaction.Toolkit.Samples.StarterAssets.Editor", "Unity.XR.Interaction.Toolkit.Samples.StarterAssets.Editor.csproj", "{5f5c91af-0b0a-8a36-d7a1-1d96ce260b72}"
EndProject
Project("{FAE04EC0-301F-11D3-BF4B-00C04F79EFBC}") = "Assembly-CSharp-firstpass", "Assembly-CSharp-firstpass.csproj", "{a5c08f6a-cc6f-eef2-a81b-f9f5b26ac42f}"
EndProject
Global
	GlobalSection(SolutionConfigurationPlatforms) = preSolution
		Debug|Any CPU = Debug|Any CPU
	EndGlobalSection
	GlobalSection(ProjectConfigurationPlatforms) = postSolution
		{07af6229-5282-f08a-f62f-a85fe9687ba8}.Debug|Any CPU.ActiveCfg = Debug|Any CPU
		{07af6229-5282-f08a-f62f-a85fe9687ba8}.Debug|Any CPU.Build.0 = Debug|Any CPU
		{d9e720b1-6ee8-47b6-1f56-cc000bca45f4}.Debug|Any CPU.ActiveCfg = Debug|Any CPU
		{d9e720b1-6ee8-47b6-1f56-cc000bca45f4}.Debug|Any CPU.Build.0 = Debug|Any CPU
		{8868e9c5-4856-2f52-e88c-1952bb6852d1}.Debug|Any CPU.ActiveCfg = Debug|Any CPU
		{8868e9c5-4856-2f52-e88c-1952bb6852d1}.Debug|Any CPU.Build.0 = Debug|Any CPU
		{13781bd3-eecd-b9b2-3f9b-5d4962a3d85a}.Debug|Any CPU.ActiveCfg = Debug|Any CPU
		{13781bd3-eecd-b9b2-3f9b-5d4962a3d85a}.Debug|Any CPU.Build.0 = Debug|Any CPU
		{a210d6b6-b7c2-e2b3-3cd3-a49686eb46c9}.Debug|Any CPU.ActiveCfg = Debug|Any CPU
		{a210d6b6-b7c2-e2b3-3cd3-a49686eb46c9}.Debug|Any CPU.Build.0 = Debug|Any CPU
		{5f5c91af-0b0a-8a36-d7a1-1d96ce260b72}.Debug|Any CPU.ActiveCfg = Debug|Any CPU
		{5f5c91af-0b0a-8a36-d7a1-1d96ce260b72}.Debug|Any CPU.Build.0 = Debug|Any CPU
		{a5c08f6a-cc6f-eef2-a81b-f9f5b26ac42f}.Debug|Any CPU.ActiveCfg = Debug|Any CPU
		{a5c08f6a-cc6f-eef2-a81b-f9f5b26ac42f}.Debug|Any CPU.Build.0 = Debug|Any CPU
	EndGlobalSection
	GlobalSection(SolutionProperties) = preSolution
		HideSolutionNode = FALSE
	EndGlobalSection
EndGlobal
